
Microsoft Visual Studio Solution File, Format Version 12.00
# Visual Studio 15
VisualStudioVersion = 15.0.28307.572
MinimumVisualStudioVersion = 10.0.40219.1
Project("{2150E333-8FDC-42A3-9474-1A3956D46DE8}") = "Services", "Services", "{6309B494-C974-43C4-B53D-B49ED6B84039}"
EndProject
Project("{2150E333-8FDC-42A3-9474-1A3956D46DE8}") = "Transversal", "Transversal", "{6BDA30A6-774F-4531-83F6-1BFB7FB38799}"
EndProject
Project("{FAE04EC0-301F-11D3-BF4B-00C04F79EFBC}") = "Entities", "Entities\Entities.csproj", "{C44944A7-2896-4238-9EE9-CC79325E7F3A}"
EndProject
Project("{2150E333-8FDC-42A3-9474-1A3956D46DE8}") = "ServiceRepository", "ServiceRepository", "{3FD0FC47-4DAD-4B13-88AC-BFCF9FB27CE6}"
EndProject
Project("{2150E333-8FDC-42A3-9474-1A3956D46DE8}") = "ServiceBusiness", "ServiceBusiness", "{48628DCB-0BA3-427B-9451-2C1333FCAD21}"
EndProject
Project("{2150E333-8FDC-42A3-9474-1A3956D46DE8}") = "ServiceAPI", "ServiceAPI", "{5B2580BC-7F30-4BE6-93E6-20EC1DDDAB04}"
EndProject
Project("{FAE04EC0-301F-11D3-BF4B-00C04F79EFBC}") = "Repository", "Repository\Repository.csproj", "{A864287A-1AF8-414C-88C5-C469627D74F8}"
EndProject
Project("{FAE04EC0-301F-11D3-BF4B-00C04F79EFBC}") = "Business", "Business\Business.csproj", "{155917E6-8E8B-47DF-B15B-76049203219A}"
EndProject
Project("{FAE04EC0-301F-11D3-BF4B-00C04F79EFBC}") = "WebAPI", "WebAPI\WebAPI.csproj", "{403EF087-55FC-49F1-A9EA-57A0519842A3}"
EndProject
Global
	GlobalSection(SolutionConfigurationPlatforms) = preSolution
		Debug|Any CPU = Debug|Any CPU
		Release|Any CPU = Release|Any CPU
	EndGlobalSection
	GlobalSection(ProjectConfigurationPlatforms) = postSolution
		{C44944A7-2896-4238-9EE9-CC79325E7F3A}.Debug|Any CPU.ActiveCfg = Debug|Any CPU
		{C44944A7-2896-4238-9EE9-CC79325E7F3A}.Debug|Any CPU.Build.0 = Debug|Any CPU
		{C44944A7-2896-4238-9EE9-CC79325E7F3A}.Release|Any CPU.ActiveCfg = Release|Any CPU
		{C44944A7-2896-4238-9EE9-CC79325E7F3A}.Release|Any CPU.Build.0 = Release|Any CPU
		{A864287A-1AF8-414C-88C5-C469627D74F8}.Debug|Any CPU.ActiveCfg = Debug|Any CPU
		{A864287A-1AF8-414C-88C5-C469627D74F8}.Debug|Any CPU.Build.0 = Debug|Any CPU
		{A864287A-1AF8-414C-88C5-C469627D74F8}.Release|Any CPU.ActiveCfg = Release|Any CPU
		{A864287A-1AF8-414C-88C5-C469627D74F8}.Release|Any CPU.Build.0 = Release|Any CPU
		{155917E6-8E8B-47DF-B15B-76049203219A}.Debug|Any CPU.ActiveCfg = Debug|Any CPU
		{155917E6-8E8B-47DF-B15B-76049203219A}.Debug|Any CPU.Build.0 = Debug|Any CPU
		{155917E6-8E8B-47DF-B15B-76049203219A}.Release|Any CPU.ActiveCfg = Release|Any CPU
		{155917E6-8E8B-47DF-B15B-76049203219A}.Release|Any CPU.Build.0 = Release|Any CPU
		{403EF087-55FC-49F1-A9EA-57A0519842A3}.Debug|Any CPU.ActiveCfg = Debug|Any CPU
		{403EF087-55FC-49F1-A9EA-57A0519842A3}.Debug|Any CPU.Build.0 = Debug|Any CPU
		{403EF087-55FC-49F1-A9EA-57A0519842A3}.Release|Any CPU.ActiveCfg = Release|Any CPU
		{403EF087-55FC-49F1-A9EA-57A0519842A3}.Release|Any CPU.Build.0 = Release|Any CPU
	EndGlobalSection
	GlobalSection(SolutionProperties) = preSolution
		HideSolutionNode = FALSE
	EndGlobalSection
	GlobalSection(NestedProjects) = preSolution
		{C44944A7-2896-4238-9EE9-CC79325E7F3A} = {6BDA30A6-774F-4531-83F6-1BFB7FB38799}
		{3FD0FC47-4DAD-4B13-88AC-BFCF9FB27CE6} = {6309B494-C974-43C4-B53D-B49ED6B84039}
		{48628DCB-0BA3-427B-9451-2C1333FCAD21} = {6309B494-C974-43C4-B53D-B49ED6B84039}
		{5B2580BC-7F30-4BE6-93E6-20EC1DDDAB04} = {6309B494-C974-43C4-B53D-B49ED6B84039}
		{A864287A-1AF8-414C-88C5-C469627D74F8} = {3FD0FC47-4DAD-4B13-88AC-BFCF9FB27CE6}
		{155917E6-8E8B-47DF-B15B-76049203219A} = {48628DCB-0BA3-427B-9451-2C1333FCAD21}
		{403EF087-55FC-49F1-A9EA-57A0519842A3} = {5B2580BC-7F30-4BE6-93E6-20EC1DDDAB04}
	EndGlobalSection
	GlobalSection(ExtensibilityGlobals) = postSolution
		SolutionGuid = {1B30EA78-BD25-416A-B01C-B6BB2EAF4062}
	EndGlobalSection
EndGlobal
